
Microsoft Visual Studio Solution File, Format Version 12.00
# Visual Studio Version 17
VisualStudioVersion = 17.7.34024.191
MinimumVisualStudioVersion = 10.0.40219.1
Project("{2150E333-8FDC-42A3-9474-1A3956D46DE8}") = "src", "src", "{582C17FC-D562-4508-A58C-D2380B4D79B8}"
EndProject
Project("{9A19103F-16F7-4668-BE54-9A1E7A4F7556}") = "Domain", "Domain\Domain.csproj", "{40754F03-9794-4C49-8185-707A8D1A345D}"
EndProject
Project("{9A19103F-16F7-4668-BE54-9A1E7A4F7556}") = "Infrastructure", "Infrastructure\Infrastructure.csproj", "{A147D049-5E99-4951-A2E6-A65A80930CA5}"
EndProject
Project("{2150E333-8FDC-42A3-9474-1A3956D46DE8}") = "Solution Items", "Solution Items", "{1F4D0E40-519B-471E-BAD4-11BA6BDF2408}"
EndProject
Project("{9A19103F-16F7-4668-BE54-9A1E7A4F7556}") = "Application", "Applications\Application.csproj", "{D70E2291-29AA-4343-9BF0-3B0B6AD4EE8D}"
EndProject
Global
	GlobalSection(SolutionConfigurationPlatforms) = preSolution
		Debug|Any CPU = Debug|Any CPU
		Release|Any CPU = Release|Any CPU
	EndGlobalSection
	GlobalSection(ProjectConfigurationPlatforms) = postSolution
		{40754F03-9794-4C49-8185-707A8D1A345D}.Debug|Any CPU.ActiveCfg = Debug|Any CPU
		{40754F03-9794-4C49-8185-707A8D1A345D}.Debug|Any CPU.Build.0 = Debug|Any CPU
		{40754F03-9794-4C49-8185-707A8D1A345D}.Release|Any CPU.ActiveCfg = Release|Any CPU
		{40754F03-9794-4C49-8185-707A8D1A345D}.Release|Any CPU.Build.0 = Release|Any CPU
		{A147D049-5E99-4951-A2E6-A65A80930CA5}.Debug|Any CPU.ActiveCfg = Debug|Any CPU
		{A147D049-5E99-4951-A2E6-A65A80930CA5}.Debug|Any CPU.Build.0 = Debug|Any CPU
		{A147D049-5E99-4951-A2E6-A65A80930CA5}.Release|Any CPU.ActiveCfg = Release|Any CPU
		{A147D049-5E99-4951-A2E6-A65A80930CA5}.Release|Any CPU.Build.0 = Release|Any CPU
		{D70E2291-29AA-4343-9BF0-3B0B6AD4EE8D}.Debug|Any CPU.ActiveCfg = Debug|Any CPU
		{D70E2291-29AA-4343-9BF0-3B0B6AD4EE8D}.Debug|Any CPU.Build.0 = Debug|Any CPU
		{D70E2291-29AA-4343-9BF0-3B0B6AD4EE8D}.Release|Any CPU.ActiveCfg = Release|Any CPU
		{D70E2291-29AA-4343-9BF0-3B0B6AD4EE8D}.Release|Any CPU.Build.0 = Release|Any CPU
	EndGlobalSection
	GlobalSection(SolutionProperties) = preSolution
		HideSolutionNode = FALSE
	EndGlobalSection
	GlobalSection(NestedProjects) = preSolution
		{40754F03-9794-4C49-8185-707A8D1A345D} = {582C17FC-D562-4508-A58C-D2380B4D79B8}
		{A147D049-5E99-4951-A2E6-A65A80930CA5} = {582C17FC-D562-4508-A58C-D2380B4D79B8}
		{D70E2291-29AA-4343-9BF0-3B0B6AD4EE8D} = {582C17FC-D562-4508-A58C-D2380B4D79B8}
	EndGlobalSection
	GlobalSection(ExtensibilityGlobals) = postSolution
		SolutionGuid = {7D7A99C4-AD35-41CC-BDE1-61FCD901080C}
	EndGlobalSection
EndGlobal
